
Microsoft Visual Studio Solution File, Format Version 12.00
# Visual Studio Version 17
VisualStudioVersion = 17.13.35931.197 d17.13
MinimumVisualStudioVersion = 10.0.40219.1
Project("{FAE04EC0-301F-11D3-BF4B-00C04F79EFBC}") = "ClubeDaLeitura.ConsoleApp", "ClubeDaLeitura.ConsoleApp\ClubeDaLeitura.ConsoleApp.csproj", "{ACD68C63-B537-4481-9E10-3ED6C1B186B9}"
EndProject
Global
	GlobalSection(SolutionConfigurationPlatforms) = preSolution
		Debug|Any CPU = Debug|Any CPU
		Release|Any CPU = Release|Any CPU
	EndGlobalSection
	GlobalSection(ProjectConfigurationPlatforms) = postSolution
		{ACD68C63-B537-4481-9E10-3ED6C1B186B9}.Debug|Any CPU.ActiveCfg = Debug|Any CPU
		{ACD68C63-B537-4481-9E10-3ED6C1B186B9}.Debug|Any CPU.Build.0 = Debug|Any CPU
		{ACD68C63-B537-4481-9E10-3ED6C1B186B9}.Release|Any CPU.ActiveCfg = Release|Any CPU
		{ACD68C63-B537-4481-9E10-3ED6C1B186B9}.Release|Any CPU.Build.0 = Release|Any CPU
	EndGlobalSection
	GlobalSection(SolutionProperties) = preSolution
		HideSolutionNode = FALSE
	EndGlobalSection
	GlobalSection(ExtensibilityGlobals) = postSolution
		SolutionGuid = {BC1E17B2-68F8-4EC7-9C63-5D60E4BE1D3C}
	EndGlobalSection
EndGlobal
